{
  "lockfileVersion": 2,
  "configVersion": 1,
  "workspaces": {
    "": {
      "name": "conex",
      "devDependencies": {
        "playwright": "1.55.0",
      },
    },
    "sdk/typescript": {
      "name": "@conex/sdk",
      "dependencies": {
        "@bufbuild/protobuf": "^2.15.0",
        "multiformats": "^14.0.5",
      },
      "devDependencies": {
        "@types/bun": "^1.3.0",
        "ajv": "^8.20.0",
        "ts-proto": "^2.12.3",
        "typescript": "^5.9.3",
      },
    },
    "web": {
      "name": "@conex/web",
      "dependencies": {
        "@conex/sdk": "workspace:*",
        "fflate": "^0.8.3",
        "mammoth": "^1.13.0",
      },
      "devDependencies": {
        "@types/bun": "^1.3.0",
        "typescript": "^5.9.3",
      },
    },
  },
  "packages": {
    "@bufbuild/protobuf": ["@bufbuild/protobuf@2.15.0", "https://registry.npmjs.com/@bufbuild/protobuf/-/protobuf-2.15.0.tgz", {}, "sha512-DAheWUkVr/SJTWCc+lg9dhY0eN4SaWlf4+bG1KzHeXbnqt0AfB/NX0Z+VunGlM1ki1B4zVvye27MpKh/svySUA=="],

    "@conex/sdk": ["@conex/sdk@workspace:sdk/typescript"],

    "@conex/web": ["@conex/web@workspace:web"],

    "@types/bun": ["@types/bun@1.4.2", "https://registry.npmjs.com/@types/bun/-/bun-1.4.2.tgz", { "dependencies": { "bun-types": "1.4.2" } }, "sha512-GimotNn7+ZV0uVArItBbriZsR1oNf0+WTzPkdcFrzShI7k2norL0uzEaJT8T33dWr7O/c9ZDuAFQrctKCi72oQ=="],

    "@types/node": ["@types/node@26.5.1", "https://registry.npmjs.com/@types/node/-/node-26.5.1.tgz", { "dependencies": { "undici-types": "~8.9.0" } }, "sha512-CzNm2FezW4VR/LjG6yUdiEgLE/rAQ9Slj5gCu/C2VrdcW7I0ahNZ8DRbHT7zOZ6r3ONgd/bsQIeSaoDGrd1C6g=="],

    "@xmldom/xmldom": ["@xmldom/xmldom@0.8.15", "https://registry.npmjs.com/@xmldom/xmldom/-/xmldom-0.8.15.tgz", {}, "sha512-/5NV/vDALVFDXgLmfsy9TRCBlKwO2LNBFzpzvb9iIj+jR+eSc6DLYYvVOdivT/jm7MtU6TebYuRmzEOI7w40UA=="],

    "ajv": ["ajv@8.20.0", "https://registry.npmjs.com/ajv/-/ajv-8.20.0.tgz", { "dependencies": { "fast-deep-equal": "^3.1.3", "fast-uri": "^3.0.1", "json-schema-traverse": "^1.0.0", "require-from-string": "^2.0.2" } }, "sha512-Thbli+OlOj+iMPYFBVBfJ3OmCAnaSyNn4M1vz9T6Gka5Jt9ba/HIR56joy65tY6kx/FCF5VXNB819Y7/GUrBGA=="],

    "argparse": ["argparse@1.0.10", "https://registry.npmjs.com/argparse/-/argparse-1.0.10.tgz", { "dependencies": { "sprintf-js": "~1.0.2" } }, "sha512-o5Roy6tNG4SL/FOkCAN6RzjiakZS25RLYFrcMttJqbdd8BWrnA+fGz57iN5Pb06pvBGvl5gQ0B48dJlslXvoTg=="],

    "base64-js": ["base64-js@1.5.1", "https://registry.npmjs.com/base64-js/-/base64-js-1.5.1.tgz", {}, "sha512-AKpaYlHn8t4SVbOHCy+b5+KKgvR4vrsD8vbvrbiQJps7fKDTkjkDry6ji0rUJjC0kzbNePLwzxq8iypo41qeWA=="],

    "bun-types": ["bun-types@1.4.2", "https://registry.npmjs.com/bun-types/-/bun-types-1.4.2.tgz", { "dependencies": { "@types/node": "*" } }, "sha512-bxV1FgK7yBIzjRe5zBozIM4Bem11ZJcCXSrjWRG3YWLt8yFDePu4cLjpebO8OvPeIE9trbyPF4fuj3Cia4Fj3w=="],

    "case-anything": ["case-anything@2.1.13", "https://registry.npmjs.com/case-anything/-/case-anything-2.1.13.tgz", {}, "sha512-zlOQ80VrQ2Ue+ymH5OuM/DlDq64mEm+B9UTdHULv5osUMD6HalNTblf2b1u/m6QecjsnOkBpqVZ+XPwIVsy7Ng=="],

    "core-util-is": ["core-util-is@1.0.3", "https://registry.npmjs.com/core-util-is/-/core-util-is-1.0.3.tgz", {}, "sha512-ZQBvi1DcpJ4GDqanjucZ2Hj3wEO5pZDS89BWbkcrvdxksJorwUDDZamX9ldFkp9aw2lmBDLgkObEA4DWNJ9FYQ=="],

    "detect-libc": ["detect-libc@1.0.3", "https://registry.npmjs.com/detect-libc/-/detect-libc-1.0.3.tgz", { "bin": { "detect-libc": "./bin/detect-libc.js" } }, "sha512-pGjwhsmsp4kL2RTz08wcOlGN83otlqHeD/Z5T8GXZB+/YcpQ/dgo+lbU8ZsGxV0HIvqqxo9l7mqYwyYMD9bKDg=="],

    "dingbat-to-unicode": ["dingbat-to-unicode@1.0.2", "https://registry.npmjs.com/dingbat-to-unicode/-/dingbat-to-unicode-1.0.2.tgz", {}, "sha512-R0bRerYzy/EZP6QzD3Hkl6JjUDA1Mnn+pd928w0nWjPzihnbAR6dcjGJGiRyznj5E4S1duEKzWrTqw02DPcdzg=="],

    "dprint-node": ["dprint-node@1.0.8", "https://registry.npmjs.com/dprint-node/-/dprint-node-1.0.8.tgz", { "dependencies": { "detect-libc": "^1.0.3" } }, "sha512-iVKnUtYfGrYcW1ZAlfR/F59cUVL8QIhWoBJoSjkkdua/dkWIgjZfiLMeTjiB06X0ZLkQ0M2C1VbUj/CxkIf1zg=="],

    "duck": ["duck@0.1.12", "https://registry.npmjs.com/duck/-/duck-0.1.12.tgz", { "dependencies": { "underscore": "^1.13.1" } }, "sha512-wkctla1O6VfP89gQ+J/yDesM0S7B7XLXjKGzXxMDVFg7uEn706niAtyYovKbyq1oT9YwDcly721/iUWoc8MVRg=="],

    "fast-deep-equal": ["fast-deep-equal@3.1.3", "https://registry.npmjs.com/fast-deep-equal/-/fast-deep-equal-3.1.3.tgz", {}, "sha512-f3qQ9oQy9j2AhBe/H9VC91wLmKBCCU/gDOnKNAYG5hswO7BLKj09Hc5HYNz9cGI++xlpDCIgDaitVs03ATR84Q=="],

    "fast-uri": ["fast-uri@3.1.7", "https://registry.npmjs.com/fast-uri/-/fast-uri-3.1.7.tgz", {}, "sha512-dOvZVzjdZdz7phd9v6jCbwxrBW3fK6n8Rc0CtdmM4bumzMnxywBYhuph6J819RRw/ku+rLbelwfMunktuzVVHg=="],

    "fflate": ["fflate@0.8.3", "https://registry.npmjs.com/fflate/-/fflate-0.8.3.tgz", {}, "sha512-tbZNuJrLwGUp3zshBtdy4W+ORxZuIh8a5ilyIEQDC5rY1f3U20JMry0Ll3WBzU58EZKsEuJFXhb5gwv8CsPvgA=="],

    "fsevents": ["fsevents@2.3.2", "", { "os": "darwin" }, "sha512-xiqMQR4xAeHTuB9uWm+fFRcIOgKBMiOBP+eXiyT7jsgVCq1bkVygt00oASowB7EdtpOHaaPgKt812P9ab+DDKA=="],

    "immediate": ["immediate@3.0.6", "https://registry.npmjs.com/immediate/-/immediate-3.0.6.tgz", {}, "sha512-XXOFtyqDjNDAQxVfYxuF7g9Il/IbWmmlQg2MYKOH8ExIT1qg6xc4zyS3HaEEATgs1btfzxq15ciUiY7gjSXRGQ=="],

    "inherits": ["inherits@2.0.4", "https://registry.npmjs.com/inherits/-/inherits-2.0.4.tgz", {}, "sha512-k/vGaX4/Yla3WzyMCvTQOXYeIHvqOKtnqBduzTHpzpQZzAskKMhZ2K+EnBiSM9zGSoIFeMpXKxa4dYeZIQqewQ=="],

    "isarray": ["isarray@1.0.0", "https://registry.npmjs.com/isarray/-/isarray-1.0.0.tgz", {}, "sha512-VLghIWNM6ELQzo7zwmcg0NmTVyWKYjvIeM83yjp0wRDTmUnrM678fQbcKBo6n2CJEF0szoG//ytg+TKla89ALQ=="],

    "json-schema-traverse": ["json-schema-traverse@1.0.0", "https://registry.npmjs.com/json-schema-traverse/-/json-schema-traverse-1.0.0.tgz", {}, "sha512-NM8/P9n3XjXhIZn1lLhkFaACTOURQXjWhV4BA/RnOv8xvgqtqpAX9IO4mRQxSx1Rlo4tqzeqb0sOlruaOy3dug=="],

    "jszip": ["jszip@3.10.2", "https://registry.npmjs.com/jszip/-/jszip-3.10.2.tgz", { "dependencies": { "lie": "~3.3.0", "pako": "~1.0.2", "readable-stream": "~2.3.6", "setimmediate": "^1.0.5" } }, "sha512-3l+rb15IOWtUhU0H5MFqES/T6Kh7abYwjosBey/vD6hDt8zoEffkSC5Ws5SGtgVw3gBx2NEbhTeSW1+kWkpyTQ=="],

    "lie": ["lie@3.3.0", "https://registry.npmjs.com/lie/-/lie-3.3.0.tgz", { "dependencies": { "immediate": "~3.0.5" } }, "sha512-UaiMJzeWRlEujzAuw5LokY1L5ecNQYZKfmyZ9L7wDHb/p5etKaxXhohBcrw0EYby+G/NA52vRSN4N39dxHAIwQ=="],

    "lop": ["lop@0.4.2", "https://registry.npmjs.com/lop/-/lop-0.4.2.tgz", { "dependencies": { "duck": "^0.1.12", "option": "~0.2.1", "underscore": "^1.13.1" } }, "sha512-RefILVDQ4DKoRZsJ4Pj22TxE3omDO47yFpkIBoDKzkqPRISs5U1cnAdg/5583YPkWPaLIYHOKRMQSvjFsO26cw=="],

    "mammoth": ["mammoth@1.13.0", "https://registry.npmjs.com/mammoth/-/mammoth-1.13.0.tgz", { "dependencies": { "@xmldom/xmldom": "^0.8.6", "argparse": "~1.0.3", "base64-js": "^1.5.1", "dingbat-to-unicode": "^1.0.1", "jszip": "^3.7.1", "lop": "^0.4.2", "underscore": "^1.13.1", "xmlbuilder": "^10.0.0" }, "bin": { "mammoth": "bin/mammoth" } }, "sha512-2cawcYFcP7ISfXbBcL9lmVgTNWo88v/52ND1gnywHtVT/pX0//puPnf0iMPV9ZgmuvNOE+zkIhDgZ9M2c2dDDg=="],

    "multiformats": ["multiformats@14.0.5", "https://registry.npmjs.com/multiformats/-/multiformats-14.0.5.tgz", {}, "sha512-vbIm83F2yZ1pWJGS0yl0ysracIvv56LtbrIyiIQHoLdYDJOMoLfVFsXhh9DUH4SFdkdkFhucyWniihsNzVEjkQ=="],

    "option": ["option@0.2.4", "https://registry.npmjs.com/option/-/option-0.2.4.tgz", {}, "sha512-pkEqbDyl8ou5cpq+VsnQbe/WlEy5qS7xPzMS1U55OCG9KPvwFD46zDbxQIj3egJSFc3D+XhYOPUzz49zQAVy7A=="],

    "pako": ["pako@1.0.11", "https://registry.npmjs.com/pako/-/pako-1.0.11.tgz", {}, "sha512-4hLB8Py4zZce5s4yd9XzopqwVv/yGNhV1Bl8NTmCq1763HeK2+EwVTv+leGeL13Dnh2wfbqowVPXCIO0z4taYw=="],

    "playwright": ["playwright@1.55.0", "", { "dependencies": { "playwright-core": "1.55.0" }, "optionalDependencies": { "fsevents": "2.3.2" }, "bin": { "playwright": "cli.js" } }, "sha512-sdCWStblvV1YU909Xqx0DhOjPZE4/5lJsIS84IfN9dAZfcl/CIZ5O8l3o0j7hPMjDvqoTF8ZUcc+i/GL5erstA=="],

    "playwright-core": ["playwright-core@1.55.0", "", { "bin": { "playwright-core": "cli.js" } }, "sha512-GvZs4vU3U5ro2nZpeiwyb0zuFaqb9sUiAJuyrWpcGouD8y9/HLgGbNRjIph7zU9D3hnPaisMl9zG9CgFi/biIg=="],

    "process-nextick-args": ["process-nextick-args@2.0.1", "https://registry.npmjs.com/process-nextick-args/-/process-nextick-args-2.0.1.tgz", {}, "sha512-3ouUOpQhtgrbOa17J7+uxOTpITYWaGP7/AhoR3+A+/1e9skrzelGi/dXzEYyvbxubEF6Wn2ypscTKiKJFFn1ag=="],

    "readable-stream": ["readable-stream@2.3.8", "https://registry.npmjs.com/readable-stream/-/readable-stream-2.3.8.tgz", { "dependencies": { "core-util-is": "~1.0.0", "inherits": "~2.0.3", "isarray": "~1.0.0", "process-nextick-args": "~2.0.0", "safe-buffer": "~5.1.1", "string_decoder": "~1.1.1", "util-deprecate": "~1.0.1" } }, "sha512-8p0AUk4XODgIewSi0l8Epjs+EVnWiK7NoDIEGU0HhE7+ZyY8D1IMY7odu5lRrFXGg71L15KG8QrPmum45RTtdA=="],

    "require-from-string": ["require-from-string@2.0.2", "https://registry.npmjs.com/require-from-string/-/require-from-string-2.0.2.tgz", {}, "sha512-Xf0nWe6RseziFMu+Ap9biiUbmplq6S9/p+7w7YXP/JBHhrUDDUhwa+vANyubuqfZWTveU//DYVGsDG7RKL/vEw=="],

    "safe-buffer": ["safe-buffer@5.1.2", "https://registry.npmjs.com/safe-buffer/-/safe-buffer-5.1.2.tgz", {}, "sha512-Gd2UZBJDkXlY7GbJxfsE8/nvKkUEU1G38c1siN6QP6a9PT9MmHB8GnpscSmMJSoF8LOIrt8ud/wPtojys4G6+g=="],

    "setimmediate": ["setimmediate@1.0.5", "https://registry.npmjs.com/setimmediate/-/setimmediate-1.0.5.tgz", {}, "sha512-MATJdZp8sLqDl/68LfQmbP8zKPLQNV6BIZoIgrscFDQ+RsvK/BxeDQOgyxKKoh0y/8h3BqVFnCqQ/gd+reiIXA=="],

    "sprintf-js": ["sprintf-js@1.0.3", "https://registry.npmjs.com/sprintf-js/-/sprintf-js-1.0.3.tgz", {}, "sha512-D9cPgkvLlV3t3IzL0D0YLvGA9Ahk4PcvVwUbN0dSGr1aP0Nrt4AEnTUbuGvquEC0mA64Gqt1fzirlRs5ibXx8g=="],

    "string_decoder": ["string_decoder@1.1.1", "https://registry.npmjs.com/string_decoder/-/string_decoder-1.1.1.tgz", { "dependencies": { "safe-buffer": "~5.1.0" } }, "sha512-n/ShnvDi6FHbbVfviro+WojiFzv+s8MPMHBczVePfUpDJLwoLT0ht1l4YwBCbi8pJAveEEdnkHyPyTP/mzRfwg=="],

    "ts-poet": ["ts-poet@6.12.0", "https://registry.npmjs.com/ts-poet/-/ts-poet-6.12.0.tgz", { "dependencies": { "dprint-node": "^1.0.8" } }, "sha512-xo+iRNMWqyvXpFTaOAvLPA5QAWO6TZrSUs5s4Odaya3epqofBu/fMLHEWl8jPmjhA0s9sgj9sNvF1BmaQlmQkA=="],

    "ts-proto": ["ts-proto@2.12.3", "https://registry.npmjs.com/ts-proto/-/ts-proto-2.12.3.tgz", { "dependencies": { "@bufbuild/protobuf": "^2.14.1", "case-anything": "^2.1.13", "ts-poet": "^6.12.0", "ts-proto-descriptors": "2.1.0" }, "bin": { "protoc-gen-ts_proto": "protoc-gen-ts_proto" } }, "sha512-n5l51DZKhby2E4T6hS3cCBq1aJNBpVzffdSLR03SyZ6HmZ8K9JprjSPSzJKfxJ5YtyGsIwcCuLWOFcpBzRtEqw=="],

    "ts-proto-descriptors": ["ts-proto-descriptors@2.1.0", "https://registry.npmjs.com/ts-proto-descriptors/-/ts-proto-descriptors-2.1.0.tgz", { "dependencies": { "@bufbuild/protobuf": "^2.0.0" } }, "sha512-S5EZYEQ6L9KLFfjSRpZWDIXDV/W7tAj8uW7pLsihIxyr62EAVSiKuVPwE8iWnr849Bqa53enex1jhDUcpgquzA=="],

    "typescript": ["typescript@5.9.3", "https://registry.npmjs.com/typescript/-/typescript-5.9.3.tgz", { "bin": { "tsc": "bin/tsc", "tsserver": "bin/tsserver" } }, "sha512-jl1vZzPDinLr9eUt3J/t7V6FgNEw9QjvBPdysz9KfQDD41fQrC2Y4vKQdiaUpFT4bXlb1RHhLpp8wtm6M5TgSw=="],

    "underscore": ["underscore@1.13.8", "https://registry.npmjs.com/underscore/-/underscore-1.13.8.tgz", {}, "sha512-DXtD3ZtEQzc7M8m4cXotyHR+FAS18C64asBYY5vqZexfYryNNnDc02W4hKg3rdQuqOYas1jkseX0+nZXjTXnvQ=="],

    "undici-types": ["undici-types@8.9.0", "https://registry.npmjs.com/undici-types/-/undici-types-8.9.0.tgz", {}, "sha512-KTDyRTYX8sWmKXAikPHHSyc63CRPETMctyjKFupcC6OBLXT3xsN0e9aF7m+mIXutFWpUXuedtowG7iLOzp0kQg=="],

    "util-deprecate": ["util-deprecate@1.0.2", "https://registry.npmjs.com/util-deprecate/-/util-deprecate-1.0.2.tgz", {}, "sha512-EPD5q1uXyFxJpCrLnCc1nHnq3gOa6DZBocAIiI2TaSCA7VCJ1UJDMagCzIkXNsUYfD1daK//LTEQ8xiIbrHtcw=="],

    "xmlbuilder": ["xmlbuilder@10.1.1", "https://registry.npmjs.com/xmlbuilder/-/xmlbuilder-10.1.1.tgz", {}, "sha512-OyzrcFLL/nb6fMGHbiRDuPup9ljBycsdCypwuyg5AAHvyWzGfChJpCXMG88AGTIMFhGZ9RccFN1e6lhg3hkwKg=="],
  }
}
